
Microsoft Visual Studio Solution File, Format Version 12.00
# Visual Studio Version 17
VisualStudioVersion = 17.8.34330.188
MinimumVisualStudioVersion = 10.0.40219.1
Project("{9A19103F-16F7-4668-BE54-9A1E7A4F7556}") = "Stage0", "Stage0\Stage0.csproj", "{522EAB62-FD04-4716-A4D6-555ED59EB8FF}"
EndProject
Project("{2150E333-8FDC-42A3-9474-1A3956D46DE8}") = "Solution Items", "Solution Items", "{4E12C996-850C-4972-A50F-4CEB42359FD6}"
	ProjectSection(SolutionItems) = preProject
		README.md = README.md
	EndProjectSection
EndProject
Project("{9A19103F-16F7-4668-BE54-9A1E7A4F7556}") = "DalFacade", "DalFacade\DalFacade.csproj", "{F801098F-4DF8-4195-B5EA-43E4C57B5B14}"
EndProject
Project("{9A19103F-16F7-4668-BE54-9A1E7A4F7556}") = "DalList", "DalList\DalList.csproj", "{F6C3F019-8FEA-4E97-BDE9-A9A7ED94AEA9}"
EndProject
Project("{9A19103F-16F7-4668-BE54-9A1E7A4F7556}") = "DalTest", "DalTest\DalTest.csproj", "{5A30F856-E917-44DC-AE2F-E583694C8A46}"
EndProject
Project("{9A19103F-16F7-4668-BE54-9A1E7A4F7556}") = "DalXml", "DalXml\DalXml.csproj", "{04133E22-F1E4-4EF5-B94B-2A613692AF07}"
EndProject
Project("{2150E333-8FDC-42A3-9474-1A3956D46DE8}") = "xml", "xml", "{722CE06A-E628-427A-B1F9-14D361C57D09}"
	ProjectSection(SolutionItems) = preProject
		xml\dal-config.xml = xml\dal-config.xml
		xml\data-config.xml = xml\data-config.xml
		xml\engineers.xml = xml\engineers.xml
		xml\dependencies.xml = xml\dependencies.xml
		xml\tasks.xml = xml\tasks.xml
		xml\users.xml = xml\users.xml
	EndProjectSection
EndProject
Project("{9A19103F-16F7-4668-BE54-9A1E7A4F7556}") = "BL", "BL\BL.csproj", "{D3A74458-2D8C-4516-9E9E-0031DD4E838C}"
EndProject
Project("{9A19103F-16F7-4668-BE54-9A1E7A4F7556}") = "BlTest", "BlTest\BlTest.csproj", "{3588A19C-D941-4DCF-B1ED-6456AE145871}"
EndProject
Project("{9A19103F-16F7-4668-BE54-9A1E7A4F7556}") = "PL", "PL\PL.csproj", "{ACBA69A2-C5C4-4E4A-884D-0E7A76231844}"
EndProject
Global
	GlobalSection(SolutionConfigurationPlatforms) = preSolution
		Debug|Any CPU = Debug|Any CPU
		Release|Any CPU = Release|Any CPU
	EndGlobalSection
	GlobalSection(ProjectConfigurationPlatforms) = postSolution
		{522EAB62-FD04-4716-A4D6-555ED59EB8FF}.Debug|Any CPU.ActiveCfg = Debug|Any CPU
		{522EAB62-FD04-4716-A4D6-555ED59EB8FF}.Debug|Any CPU.Build.0 = Debug|Any CPU
		{522EAB62-FD04-4716-A4D6-555ED59EB8FF}.Release|Any CPU.ActiveCfg = Release|Any CPU
		{522EAB62-FD04-4716-A4D6-555ED59EB8FF}.Release|Any CPU.Build.0 = Release|Any CPU
		{F801098F-4DF8-4195-B5EA-43E4C57B5B14}.Debug|Any CPU.ActiveCfg = Debug|Any CPU
		{F801098F-4DF8-4195-B5EA-43E4C57B5B14}.Debug|Any CPU.Build.0 = Debug|Any CPU
		{F801098F-4DF8-4195-B5EA-43E4C57B5B14}.Release|Any CPU.ActiveCfg = Release|Any CPU
		{F801098F-4DF8-4195-B5EA-43E4C57B5B14}.Release|Any CPU.Build.0 = Release|Any CPU
		{F6C3F019-8FEA-4E97-BDE9-A9A7ED94AEA9}.Debug|Any CPU.ActiveCfg = Debug|Any CPU
		{F6C3F019-8FEA-4E97-BDE9-A9A7ED94AEA9}.Debug|Any CPU.Build.0 = Debug|Any CPU
		{F6C3F019-8FEA-4E97-BDE9-A9A7ED94AEA9}.Release|Any CPU.ActiveCfg = Release|Any CPU
		{F6C3F019-8FEA-4E97-BDE9-A9A7ED94AEA9}.Release|Any CPU.Build.0 = Release|Any CPU
		{5A30F856-E917-44DC-AE2F-E583694C8A46}.Debug|Any CPU.ActiveCfg = Debug|Any CPU
		{5A30F856-E917-44DC-AE2F-E583694C8A46}.Debug|Any CPU.Build.0 = Debug|Any CPU
		{5A30F856-E917-44DC-AE2F-E583694C8A46}.Release|Any CPU.ActiveCfg = Release|Any CPU
		{5A30F856-E917-44DC-AE2F-E583694C8A46}.Release|Any CPU.Build.0 = Release|Any CPU
		{04133E22-F1E4-4EF5-B94B-2A613692AF07}.Debug|Any CPU.ActiveCfg = Debug|Any CPU
		{04133E22-F1E4-4EF5-B94B-2A613692AF07}.Debug|Any CPU.Build.0 = Debug|Any CPU
		{04133E22-F1E4-4EF5-B94B-2A613692AF07}.Release|Any CPU.ActiveCfg = Release|Any CPU
		{04133E22-F1E4-4EF5-B94B-2A613692AF07}.Release|Any CPU.Build.0 = Release|Any CPU
		{D3A74458-2D8C-4516-9E9E-0031DD4E838C}.Debug|Any CPU.ActiveCfg = Debug|Any CPU
		{D3A74458-2D8C-4516-9E9E-0031DD4E838C}.Debug|Any CPU.Build.0 = Debug|Any CPU
		{D3A74458-2D8C-4516-9E9E-0031DD4E838C}.Release|Any CPU.ActiveCfg = Release|Any CPU
		{D3A74458-2D8C-4516-9E9E-0031DD4E838C}.Release|Any CPU.Build.0 = Release|Any CPU
		{3588A19C-D941-4DCF-B1ED-6456AE145871}.Debug|Any CPU.ActiveCfg = Debug|Any CPU
		{3588A19C-D941-4DCF-B1ED-6456AE145871}.Debug|Any CPU.Build.0 = Debug|Any CPU
		{3588A19C-D941-4DCF-B1ED-6456AE145871}.Release|Any CPU.ActiveCfg = Release|Any CPU
		{3588A19C-D941-4DCF-B1ED-6456AE145871}.Release|Any CPU.Build.0 = Release|Any CPU
		{ACBA69A2-C5C4-4E4A-884D-0E7A76231844}.Debug|Any CPU.ActiveCfg = Debug|Any CPU
		{ACBA69A2-C5C4-4E4A-884D-0E7A76231844}.Debug|Any CPU.Build.0 = Debug|Any CPU
		{ACBA69A2-C5C4-4E4A-884D-0E7A76231844}.Release|Any CPU.ActiveCfg = Release|Any CPU
		{ACBA69A2-C5C4-4E4A-884D-0E7A76231844}.Release|Any CPU.Build.0 = Release|Any CPU
	EndGlobalSection
	GlobalSection(SolutionProperties) = preSolution
		HideSolutionNode = FALSE
	EndGlobalSection
	GlobalSection(ExtensibilityGlobals) = postSolution
		SolutionGuid = {72FE9A28-C452-43CB-8FA2-5F3A281C27E4}
	EndGlobalSection
EndGlobal
